<?xml version="1.0" encoding="utf-8"?>
<Project ToolsVersion="4.0" xmlns="http://schemas.microsoft.com/developer/msbuild/2003">
  <ItemGroup>
    <Filter Include="Source Files">
      <UniqueIdentifier>{4FC737F1-C7A5-4376-A066-2A32D752A2FF}</UniqueIdentifier>
      <Extensions>cpp;c;cc;cxx;c++;cppm;ixx;def;odl;idl;hpj;bat;asm;asmx</Extensions>
    </Filter>
    <Filter Include="Header Files">
      <UniqueIdentifier>{93995380-89BD-4b04-88EB-625FBE52EBFB}</UniqueIdentifier>
      <Extensions>h;hh;hpp;hxx;h++;hm;inl;inc;ipp;xsd</Extensions>
    </Filter>
    <Filter Include="Resource Files">
      <UniqueIdentifier>{67DA6AB6-F800-4c08-8B7A-83BB121AAD01}</UniqueIdentifier>
      <Extensions>rc;ico;cur;bmp;dlg;rc2;rct;bin;rgs;gif;jpg;jpeg;jpe;resx;tiff;tif;png;wav;mfcribbon-ms</Extensions>
    </Filter>
    <Filter Include="GameObjects">
      <UniqueIdentifier>{2366af36-ad4b-4d3c-9e18-14fd707feb7d}</UniqueIdentifier>
    </Filter>
    <Filter Include="Tools">
      <UniqueIdentifier>{900e3a64-71cc-4fea-bd07-15e59b1a5255}</UniqueIdentifier>
    </Filter>
    <Filter Include="GameObjects\Guard">
      <UniqueIdentifier>{fe7e6e4a-3f74-44ac-8b7c-1f92cecf2476}</UniqueIdentifier>
    </Filter>
    <Filter Include="GameObjects\VisionCone">
      <UniqueIdentifier>{b2a97323-357a-4efe-a766-d4fc6189a760}</UniqueIdentifier>
    </Filter>
    <Filter Include="GameObjects\Level">
      <UniqueIdentifier>{f91b3794-45b4-4ddc-bdd5-4cd8d1712aa0}</UniqueIdentifier>
    </Filter>
    <Filter Include="GameObjects\NPC">
      <UniqueIdentifier>{d5e6255e-8cb5-4ea2-9510-5c378c0dbc62}</UniqueIdentifier>
    </Filter>
    <Filter Include="GameObjects\NPC\GuardManager">
      <UniqueIdentifier>{8869d2e1-353d-4e02-9228-f4f7de0d6deb}</UniqueIdentifier>
    </Filter>
    <Filter Include="Tools\InputManager">
      <UniqueIdentifier>{0a14b3ce-368e-45e6-a562-75aab2b1c656}</UniqueIdentifier>
    </Filter>
    <Filter Include="Tools\InputManager\KeyboardManager">
      <UniqueIdentifier>{e52f0666-239b-4892-a733-6d3c7f7c2b8e}</UniqueIdentifier>
    </Filter>
    <Filter Include="Tools\InputManager\MouseManager">
      <UniqueIdentifier>{23eb60c4-d80c-4b59-8d50-25d61464e244}</UniqueIdentifier>
    </Filter>
    <Filter Include="GameObjects\NPC\NPCManager">
      <UniqueIdentifier>{c0041ce8-9f54-4a7d-9ed0-5946b321ab82}</UniqueIdentifier>
    </Filter>
    <Filter Include="Tools\Camera">
      <UniqueIdentifier>{c4236e6b-1cf2-44b4-bb5b-d1399ed127f1}</UniqueIdentifier>
    </Filter>
    <Filter Include="GameObjects\Bullet">
      <UniqueIdentifier>{6b13bcbb-2fa9-4fb6-ae3a-c027869f38df}</UniqueIdentifier>
    </Filter>
    <Filter Include="GameObjects\Orb">
      <UniqueIdentifier>{c885df87-942d-422e-a5a7-c78d4e13f55c}</UniqueIdentifier>
    </Filter>
    <Filter Include="GameObjects\Player">
      <UniqueIdentifier>{2abf3b32-7a15-4d36-9b2e-17c548437d14}</UniqueIdentifier>
    </Filter>
    <Filter Include="GameObjects\IndicatorArrow">
      <UniqueIdentifier>{cba1ff91-196e-4bd5-afd6-1d3c5b29228b}</UniqueIdentifier>
    </Filter>
    <Filter Include="GameObjects\IndicatorArrow\Arrow">
      <UniqueIdentifier>{2e842545-0076-48b0-998b-b551a4bdd4f0}</UniqueIdentifier>
    </Filter>
    <Filter Include="GameObjects\UI_element">
      <UniqueIdentifier>{29c289db-5140-4db0-ac04-680f23411252}</UniqueIdentifier>
    </Filter>
    <Filter Include="GameObjects\Bomb">
      <UniqueIdentifier>{3a07a3f4-99be-4a66-95a9-8b1f2b8c2511}</UniqueIdentifier>
    </Filter>
    <Filter Include="GameObjects\UI_element_Bomb">
      <UniqueIdentifier>{0e64bd5f-1849-4827-8779-c493cdebaaef}</UniqueIdentifier>
    </Filter>
  </ItemGroup>
  <ItemGroup>
    <ClCompile Include="Game.cpp">
      <Filter>Source Files</Filter>
    </ClCompile>
    <ClCompile Include="main.cpp">
      <Filter>Source Files</Filter>
    </ClCompile>
    <ClCompile Include="pch.cpp">
      <Filter>Source Files</Filter>
    </ClCompile>
    <ClCompile Include="Sprite.cpp">
      <Filter>Tools</Filter>
    </ClCompile>
    <ClCompile Include="Character.cpp">
      <Filter>GameObjects</Filter>
    </ClCompile>
    <ClCompile Include="Guard.cpp">
      <Filter>GameObjects\Guard</Filter>
    </ClCompile>
    <ClCompile Include="GuardManager.cpp">
      <Filter>GameObjects\NPC\GuardManager</Filter>
    </ClCompile>
    <ClCompile Include="InputManager.cpp">
      <Filter>Tools\InputManager</Filter>
    </ClCompile>
    <ClCompile Include="KeyboardManager.cpp">
      <Filter>Tools\InputManager\KeyboardManager</Filter>
    </ClCompile>
    <ClCompile Include="MouseManager.cpp">
      <Filter>Tools\InputManager\MouseManager</Filter>
    </ClCompile>
    <ClCompile Include="NPCManager.cpp">
      <Filter>GameObjects\NPC\NPCManager</Filter>
    </ClCompile>
    <ClCompile Include="Camera.cpp">
      <Filter>Tools\Camera</Filter>
    </ClCompile>
    <ClCompile Include="PlayerManager.cpp">
      <Filter>GameObjects\Player</Filter>
    </ClCompile>
    <ClCompile Include="Bullet.cpp">
      <Filter>GameObjects\Bullet</Filter>
    </ClCompile>
    <ClCompile Include="Orb.cpp">
      <Filter>GameObjects\Orb</Filter>
    </ClCompile>
    <ClCompile Include="OrbIndicator.cpp">
      <Filter>GameObjects\IndicatorArrow</Filter>
    </ClCompile>
    <ClCompile Include="Arrow.cpp">
      <Filter>GameObjects\IndicatorArrow\Arrow</Filter>
    </ClCompile>
    <ClCompile Include="UI_element.cpp">
      <Filter>GameObjects\UI_element</Filter>
    </ClCompile>
    <ClCompile Include="Bomb.cpp">
      <Filter>GameObjects\Bomb</Filter>
    </ClCompile>
    <ClCompile Include="UI_element_2.cpp">
      <Filter>GameObjects\UI_element_Bomb</Filter>
    </ClCompile>
  </ItemGroup>
  <ItemGroup>
    <ClInclude Include="Game.h">
      <Filter>Header Files</Filter>
    </ClInclude>
    <ClInclude Include="pch.h">
      <Filter>Header Files</Filter>
    </ClInclude>
    <ClInclude Include="Sprite.h">
      <Filter>Tools</Filter>
    </ClInclude>
    <ClInclude Include="Character.h">
      <Filter>GameObjects</Filter>
    </ClInclude>
    <ClInclude Include="Guard.h">
      <Filter>GameObjects\Guard</Filter>
    </ClInclude>
    <ClInclude Include="VisionCone.h">
      <Filter>GameObjects\VisionCone</Filter>
    </ClInclude>
    <ClInclude Include="Level.h">
      <Filter>GameObjects\Level</Filter>
    </ClInclude>
    <ClInclude Include="GuardManager.h">
      <Filter>GameObjects\NPC\GuardManager</Filter>
    </ClInclude>
    <ClInclude Include="KeyboardKey.h">
      <Filter>Tools\InputManager\KeyboardManager</Filter>
    </ClInclude>
    <ClInclude Include="KeyboardManager.h">
      <Filter>Tools\InputManager\KeyboardManager</Filter>
    </ClInclude>
    <ClInclude Include="MouseManager.h">
      <Filter>Tools\InputManager\MouseManager</Filter>
    </ClInclude>
    <ClInclude Include="InputManager.h">
      <Filter>Tools\InputManager</Filter>
    </ClInclude>
    <ClInclude Include="MouseButton.h">
      <Filter>Tools\InputManager\MouseManager</Filter>
    </ClInclude>
    <ClInclude Include="NPCManager.h">
      <Filter>GameObjects\NPC\NPCManager</Filter>
    </ClInclude>
    <ClInclude Include="Camera.h">
      <Filter>Tools\Camera</Filter>
    </ClInclude>
    <ClInclude Include="PlayerManager.h">
      <Filter>GameObjects\Player</Filter>
    </ClInclude>
    <ClInclude Include="Bullet.h">
      <Filter>GameObjects\Bullet</Filter>
    </ClInclude>
    <ClInclude Include="Orb.h">
      <Filter>GameObjects\Orb</Filter>
    </ClInclude>
    <ClInclude Include="OrbIndicator.h">
      <Filter>GameObjects\IndicatorArrow</Filter>
    </ClInclude>
    <ClInclude Include="resource.h">
      <Filter>Header Files</Filter>
    </ClInclude>
    <ClInclude Include="Arrow.h">
      <Filter>GameObjects\IndicatorArrow\Arrow</Filter>
    </ClInclude>
    <ClInclude Include="UI_element.h">
      <Filter>GameObjects\UI_element</Filter>
    </ClInclude>
    <ClInclude Include="Bomb.h">
      <Filter>GameObjects\Bomb</Filter>
    </ClInclude>
    <ClInclude Include="UI_element_2.h">
      <Filter>GameObjects\UI_element_Bomb</Filter>
    </ClInclude>
  </ItemGroup>
  <ItemGroup>
    <ResourceCompile Include="GamePrototype.rc">
      <Filter>Resource Files</Filter>
    </ResourceCompile>
  </ItemGroup>
</Project>