<?xml version="1.0" encoding="utf-8"?>
<Project ToolsVersion="4.0" xmlns="http://schemas.microsoft.com/developer/msbuild/2003">
  <ItemGroup>
    <Filter Include="Source Files">
      <UniqueIdentifier>{4FC737F1-C7A5-4376-A066-2A32D752A2FF}</UniqueIdentifier>
      <Extensions>cpp;c;cc;cxx;c++;cppm;ixx;def;odl;idl;hpj;bat;asm;asmx</Extensions>
    </Filter>
    <Filter Include="Header Files">
      <UniqueIdentifier>{93995380-89BD-4b04-88EB-625FBE52EBFB}</UniqueIdentifier>
      <Extensions>h;hh;hpp;hxx;h++;hm;inl;inc;ipp;xsd</Extensions>
    </Filter>
    <Filter Include="Resource Files">
      <UniqueIdentifier>{67DA6AB6-F800-4c08-8B7A-83BB121AAD01}</UniqueIdentifier>
      <Extensions>rc;ico;cur;bmp;dlg;rc2;rct;bin;rgs;gif;jpg;jpeg;jpe;resx;tiff;tif;png;wav;mfcribbon-ms</Extensions>
    </Filter>
    <Filter Include="GameObjects">
      <UniqueIdentifier>{2366af36-ad4b-4d3c-9e18-14fd707feb7d}</UniqueIdentifier>
    </Filter>
    <Filter Include="Tools">
      <UniqueIdentifier>{900e3a64-71cc-4fea-bd07-15e59b1a5255}</UniqueIdentifier>
    </Filter>
    <Filter Include="GameObjects\Guard">
      <UniqueIdentifier>{fe7e6e4a-3f74-44ac-8b7c-1f92cecf2476}</UniqueIdentifier>
    </Filter>
    <Filter Include="GameObjects\VisionCone">
      <UniqueIdentifier>{b2a97323-357a-4efe-a766-d4fc6189a760}</UniqueIdentifier>
    </Filter>
    <Filter Include="GameObjects\Level">
      <UniqueIdentifier>{f91b3794-45b4-4ddc-bdd5-4cd8d1712aa0}</UniqueIdentifier>
    </Filter>
    <Filter Include="Tools\KeyboardManager">
      <UniqueIdentifier>{88cdcc72-868e-421e-b540-3d2d7787754c}</UniqueIdentifier>
    </Filter>
  </ItemGroup>
  <ItemGroup>
    <ClCompile Include="Game.cpp">
      <Filter>Source Files</Filter>
    </ClCompile>
    <ClCompile Include="main.cpp">
      <Filter>Source Files</Filter>
    </ClCompile>
    <ClCompile Include="pch.cpp">
      <Filter>Source Files</Filter>
    </ClCompile>
    <ClCompile Include="Sprite.cpp">
      <Filter>Tools</Filter>
    </ClCompile>
    <ClCompile Include="Character.cpp">
      <Filter>GameObjects</Filter>
    </ClCompile>
    <ClCompile Include="Guard.cpp">
      <Filter>GameObjects\Guard</Filter>
    </ClCompile>
    <ClCompile Include="KeyboardManager.cpp">
      <Filter>Tools\KeyboardManager</Filter>
    </ClCompile>
  </ItemGroup>
  <ItemGroup>
    <ClInclude Include="Game.h">
      <Filter>Header Files</Filter>
    </ClInclude>
    <ClInclude Include="pch.h">
      <Filter>Header Files</Filter>
    </ClInclude>
    <ClInclude Include="Sprite.h">
      <Filter>Tools</Filter>
    </ClInclude>
    <ClInclude Include="Character.h">
      <Filter>GameObjects</Filter>
    </ClInclude>
    <ClInclude Include="Guard.h">
      <Filter>GameObjects\Guard</Filter>
    </ClInclude>
    <ClInclude Include="VisionCone.h">
      <Filter>GameObjects\VisionCone</Filter>
    </ClInclude>
    <ClInclude Include="Level.h">
      <Filter>GameObjects\Level</Filter>
    </ClInclude>
    <ClInclude Include="KeyboardKey.h">
      <Filter>Tools\KeyboardManager</Filter>
    </ClInclude>
    <ClInclude Include="KeyboardManager.h">
      <Filter>Tools\KeyboardManager</Filter>
    </ClInclude>
  </ItemGroup>
</Project>